
Microsoft Visual Studio Solution File, Format Version 12.00
# Visual Studio 2013
VisualStudioVersion = 12.0.40629.0
MinimumVisualStudioVersion = 10.0.40219.1
Project("{FAE04EC0-301F-11D3-BF4B-00C04F79EFBC}") = "kalkulator", "kalkulator\kalkulator.csproj", "{D38A30E3-5E15-4C96-907B-CB7387A76AED}"
EndProject
Project("{FAE04EC0-301F-11D3-BF4B-00C04F79EFBC}") = "kalkulator.Tests", "kalkulator.Tests\kalkulator.Tests.csproj", "{EA4F5883-A52D-490A-9C57-6B7D8449185F}"
EndProject
Global
	GlobalSection(SolutionConfigurationPlatforms) = preSolution
		Debug|Any CPU = Debug|Any CPU
		Release|Any CPU = Release|Any CPU
	EndGlobalSection
	GlobalSection(ProjectConfigurationPlatforms) = postSolution
		{D38A30E3-5E15-4C96-907B-CB7387A76AED}.Debug|Any CPU.ActiveCfg = Debug|Any CPU
		{D38A30E3-5E15-4C96-907B-CB7387A76AED}.Debug|Any CPU.Build.0 = Debug|Any CPU
		{D38A30E3-5E15-4C96-907B-CB7387A76AED}.Release|Any CPU.ActiveCfg = Release|Any CPU
		{D38A30E3-5E15-4C96-907B-CB7387A76AED}.Release|Any CPU.Build.0 = Release|Any CPU
		{EA4F5883-A52D-490A-9C57-6B7D8449185F}.Debug|Any CPU.ActiveCfg = Debug|Any CPU
		{EA4F5883-A52D-490A-9C57-6B7D8449185F}.Debug|Any CPU.Build.0 = Debug|Any CPU
		{EA4F5883-A52D-490A-9C57-6B7D8449185F}.Release|Any CPU.ActiveCfg = Release|Any CPU
		{EA4F5883-A52D-490A-9C57-6B7D8449185F}.Release|Any CPU.Build.0 = Release|Any CPU
	EndGlobalSection
	GlobalSection(SolutionProperties) = preSolution
		HideSolutionNode = FALSE
	EndGlobalSection
EndGlobal
